
Microsoft Visual Studio Solution File, Format Version 12.00
# Visual Studio Version 16
VisualStudioVersion = 16.0.29920.165
MinimumVisualStudioVersion = 10.0.40219.1
Project("{9A19103F-16F7-4668-BE54-9A1E7A4F7556}") = "APIWithForms.API", "APIWithForms.API\APIWithForms.API.csproj", "{C08E9A65-D0E6-4B4E-A63B-8D4DF0EB6FFB}"
EndProject
Project("{9A19103F-16F7-4668-BE54-9A1E7A4F7556}") = "APIWithForms.Models", "APIWithForms.Models\APIWithForms.Models.csproj", "{38612C2A-B218-408A-BD1E-A7FB55CAA8F0}"
EndProject
Project("{FAE04EC0-301F-11D3-BF4B-00C04F79EFBC}") = "APIWithForms.Front", "APIWithForms.Front\APIWithForms.Front.csproj", "{307E38F9-104A-4177-9B7E-48A60BB8A1D2}"
	ProjectSection(ProjectDependencies) = postProject
		{38612C2A-B218-408A-BD1E-A7FB55CAA8F0} = {38612C2A-B218-408A-BD1E-A7FB55CAA8F0}
	EndProjectSection
EndProject
Global
	GlobalSection(SolutionConfigurationPlatforms) = preSolution
		Debug|Any CPU = Debug|Any CPU
		Release|Any CPU = Release|Any CPU
	EndGlobalSection
	GlobalSection(ProjectConfigurationPlatforms) = postSolution
		{C08E9A65-D0E6-4B4E-A63B-8D4DF0EB6FFB}.Debug|Any CPU.ActiveCfg = Debug|Any CPU
		{C08E9A65-D0E6-4B4E-A63B-8D4DF0EB6FFB}.Debug|Any CPU.Build.0 = Debug|Any CPU
		{C08E9A65-D0E6-4B4E-A63B-8D4DF0EB6FFB}.Release|Any CPU.ActiveCfg = Release|Any CPU
		{C08E9A65-D0E6-4B4E-A63B-8D4DF0EB6FFB}.Release|Any CPU.Build.0 = Release|Any CPU
		{38612C2A-B218-408A-BD1E-A7FB55CAA8F0}.Debug|Any CPU.ActiveCfg = Debug|Any CPU
		{38612C2A-B218-408A-BD1E-A7FB55CAA8F0}.Debug|Any CPU.Build.0 = Debug|Any CPU
		{38612C2A-B218-408A-BD1E-A7FB55CAA8F0}.Release|Any CPU.ActiveCfg = Release|Any CPU
		{38612C2A-B218-408A-BD1E-A7FB55CAA8F0}.Release|Any CPU.Build.0 = Release|Any CPU
		{307E38F9-104A-4177-9B7E-48A60BB8A1D2}.Debug|Any CPU.ActiveCfg = Debug|Any CPU
		{307E38F9-104A-4177-9B7E-48A60BB8A1D2}.Debug|Any CPU.Build.0 = Debug|Any CPU
		{307E38F9-104A-4177-9B7E-48A60BB8A1D2}.Release|Any CPU.ActiveCfg = Release|Any CPU
		{307E38F9-104A-4177-9B7E-48A60BB8A1D2}.Release|Any CPU.Build.0 = Release|Any CPU
	EndGlobalSection
	GlobalSection(SolutionProperties) = preSolution
		HideSolutionNode = FALSE
	EndGlobalSection
	GlobalSection(ExtensibilityGlobals) = postSolution
		SolutionGuid = {4A94BF81-400C-4396-947C-ACFDE5F729AA}
	EndGlobalSection
EndGlobal
